
Microsoft Visual Studio Solution File, Format Version 12.00
# Visual Studio 14
VisualStudioVersion = 14.0.25420.1
MinimumVisualStudioVersion = 10.0.40219.1
Project("{FAE04EC0-301F-11D3-BF4B-00C04F79EFBC}") = "Presentation", "Presentation\Presentation.csproj", "{A77EB0DB-C029-425C-B5EC-8CB157C6DDDF}"
EndProject
Project("{FAE04EC0-301F-11D3-BF4B-00C04F79EFBC}") = "Presentation.CodeFirst", "Presentation.CodeFirst\Presentation.CodeFirst.csproj", "{668524B5-2276-4D74-88E6-0801142275E0}"
EndProject
Project("{FAE04EC0-301F-11D3-BF4B-00C04F79EFBC}") = "Presentation.DatabaseFirst", "Presentation.DatabaseFirst\Presentation.DatabaseFirst.csproj", "{B3813DF3-D14A-45C7-9688-8370B0F1B8BE}"
EndProject
Project("{FAE04EC0-301F-11D3-BF4B-00C04F79EFBC}") = "Presentation.Interfaces", "Presentation.Interfaces\Presentation.Interfaces.csproj", "{D13401CF-A113-41EE-B64D-02866B1FB690}"
EndProject
Project("{FAE04EC0-301F-11D3-BF4B-00C04F79EFBC}") = "Presentation.ModelFirst", "Presentation.ModelFirst\Presentation.ModelFirst.csproj", "{B207FB42-2EE3-49D5-80A6-CDC920CD821D}"
EndProject
Global
	GlobalSection(SolutionConfigurationPlatforms) = preSolution
		Debug|Any CPU = Debug|Any CPU
		Release|Any CPU = Release|Any CPU
	EndGlobalSection
	GlobalSection(ProjectConfigurationPlatforms) = postSolution
		{A77EB0DB-C029-425C-B5EC-8CB157C6DDDF}.Debug|Any CPU.ActiveCfg = Debug|Any CPU
		{A77EB0DB-C029-425C-B5EC-8CB157C6DDDF}.Debug|Any CPU.Build.0 = Debug|Any CPU
		{A77EB0DB-C029-425C-B5EC-8CB157C6DDDF}.Release|Any CPU.ActiveCfg = Release|Any CPU
		{A77EB0DB-C029-425C-B5EC-8CB157C6DDDF}.Release|Any CPU.Build.0 = Release|Any CPU
		{668524B5-2276-4D74-88E6-0801142275E0}.Debug|Any CPU.ActiveCfg = Debug|Any CPU
		{668524B5-2276-4D74-88E6-0801142275E0}.Debug|Any CPU.Build.0 = Debug|Any CPU
		{668524B5-2276-4D74-88E6-0801142275E0}.Release|Any CPU.ActiveCfg = Release|Any CPU
		{668524B5-2276-4D74-88E6-0801142275E0}.Release|Any CPU.Build.0 = Release|Any CPU
		{B3813DF3-D14A-45C7-9688-8370B0F1B8BE}.Debug|Any CPU.ActiveCfg = Debug|Any CPU
		{B3813DF3-D14A-45C7-9688-8370B0F1B8BE}.Debug|Any CPU.Build.0 = Debug|Any CPU
		{B3813DF3-D14A-45C7-9688-8370B0F1B8BE}.Release|Any CPU.ActiveCfg = Release|Any CPU
		{B3813DF3-D14A-45C7-9688-8370B0F1B8BE}.Release|Any CPU.Build.0 = Release|Any CPU
		{D13401CF-A113-41EE-B64D-02866B1FB690}.Debug|Any CPU.ActiveCfg = Debug|Any CPU
		{D13401CF-A113-41EE-B64D-02866B1FB690}.Debug|Any CPU.Build.0 = Debug|Any CPU
		{D13401CF-A113-41EE-B64D-02866B1FB690}.Release|Any CPU.ActiveCfg = Release|Any CPU
		{D13401CF-A113-41EE-B64D-02866B1FB690}.Release|Any CPU.Build.0 = Release|Any CPU
		{B207FB42-2EE3-49D5-80A6-CDC920CD821D}.Debug|Any CPU.ActiveCfg = Debug|Any CPU
		{B207FB42-2EE3-49D5-80A6-CDC920CD821D}.Debug|Any CPU.Build.0 = Debug|Any CPU
		{B207FB42-2EE3-49D5-80A6-CDC920CD821D}.Release|Any CPU.ActiveCfg = Release|Any CPU
		{B207FB42-2EE3-49D5-80A6-CDC920CD821D}.Release|Any CPU.Build.0 = Release|Any CPU
	EndGlobalSection
	GlobalSection(SolutionProperties) = preSolution
		HideSolutionNode = FALSE
	EndGlobalSection
EndGlobal
